github.com/ohler55/ojg v1.17.1 h1:tctLinqjSLksyXOip6ALetxK4l9CRGH6K5KSYUYUrYI=
github.com/ohler55/ojg v1.17.1/go.mod h1:7Ghirupn8NC8hSSDpI0gcjorPxj+vSVIONDWfliHR1k=
github.com/ohler55/ojg v1.17.2 h1:e8vUJa6l9v9li0T5xqQIDhVFnialk21LA1biXJlu0Rs=
github.com/ohler55/ojg v1.17.2/go.mod h1:7Ghirupn8NC8hSSDpI0gcjorPxj+vSVIONDWfliHR1k=
